// !$*UTF8*$!
{
	archiveVersion = 1;
	classes = {
	};
	objectVersion = 50;
	objects = {

/* Begin PBXBuildFile section */
		43F9E5D1262570B4007B393C /* AppDelegate.swift in Sources */ = {isa = PBXBuildFile; fileRef = 43F9E5D0262570B4007B393C /* AppDelegate.swift */; };
		43F9E5D3262570B4007B393C /* SceneDelegate.swift in Sources */ = {isa = PBXBuildFile; fileRef = 43F9E5D2262570B4007B393C /* SceneDelegate.swift */; };
		43F9E5D8262570B4007B393C /* Main.storyboard in Resources */ = {isa = PBXBuildFile; fileRef = 43F9E5D6262570B4007B393C /* Main.storyboard */; };
		43F9E5DA262570B6007B393C /* Assets.xcassets in Resources */ = {isa = PBXBuildFile; fileRef = 43F9E5D9262570B6007B393C /* Assets.xcassets */; };
		43F9E5DD262570B6007B393C /* LaunchScreen.storyboard in Resources */ = {isa = PBXBuildFile; fileRef = 43F9E5DB262570B6007B393C /* LaunchScreen.storyboard */; };
		43F9E5F326258A58007B393C /* GroupListViewController.swift in Sources */ = {isa = PBXBuildFile; fileRef = 43F9E5F226258A58007B393C /* GroupListViewController.swift */; };
		43F9E5F626258B6C007B393C /* ContactListViewController.swift in Sources */ = {isa = PBXBuildFile; fileRef = 43F9E5F526258B6C007B393C /* ContactListViewController.swift */; };
		43F9E5F926258BB2007B393C /* DetailViewController.swift in Sources */ = {isa = PBXBuildFile; fileRef = 43F9E5F826258BB2007B393C /* DetailViewController.swift */; };
		43F9E5FC26258F2C007B393C /* PersonModel.swift in Sources */ = {isa = PBXBuildFile; fileRef = 43F9E5FB26258F2C007B393C /* PersonModel.swift */; };
		43F9E601262596E7007B393C /* TabBarViewController.swift in Sources */ = {isa = PBXBuildFile; fileRef = 43F9E600262596E7007B393C /* TabBarViewController.swift */; };
		43F9E60A2625A072007B393C /* DataManager.swift in Sources */ = {isa = PBXBuildFile; fileRef = 43F9E6092625A072007B393C /* DataManager.swift */; };
/* End PBXBuildFile section */

/* Begin PBXFileReference section */
		43F9E5CD262570B4007B393C /* PersonLis.app */ = {isa = PBXFileReference; explicitFileType = wrapper.application; includeInIndex = 0; path = PersonLis.app; sourceTree = BUILT_PRODUCTS_DIR; };
		43F9E5D0262570B4007B393C /* AppDelegate.swift */ = {isa = PBXFileReference; lastKnownFileType = sourcecode.swift; path = AppDelegate.swift; sourceTree = "<group>"; };
		43F9E5D2262570B4007B393C /* SceneDelegate.swift */ = {isa = PBXFileReference; lastKnownFileType = sourcecode.swift; path = SceneDelegate.swift; sourceTree = "<group>"; };
		43F9E5D7262570B4007B393C /* Base */ = {isa = PBXFileReference; lastKnownFileType = file.storyboard; name = Base; path = Base.lproj/Main.storyboard; sourceTree = "<group>"; };
		43F9E5D9262570B6007B393C /* Assets.xcassets */ = {isa = PBXFileReference; lastKnownFileType = folder.assetcatalog; path = Assets.xcassets; sourceTree = "<group>"; };
		43F9E5DC262570B6007B393C /* Base */ = {isa = PBXFileReference; lastKnownFileType = file.storyboard; name = Base; path = Base.lproj/LaunchScreen.storyboard; sourceTree = "<group>"; };
		43F9E5DE262570B6007B393C /* Info.plist */ = {isa = PBXFileReference; lastKnownFileType = text.plist.xml; path = Info.plist; sourceTree = "<group>"; };
		43F9E5F226258A58007B393C /* GroupListViewController.swift */ = {isa = PBXFileReference; lastKnownFileType = sourcecode.swift; path = GroupListViewController.swift; sourceTree = "<group>"; };
		43F9E5F526258B6C007B393C /* ContactListViewController.swift */ = {isa = PBXFileReference; lastKnownFileType = sourcecode.swift; path = ContactListViewController.swift; sourceTree = "<group>"; };
		43F9E5F826258BB2007B393C /* DetailViewController.swift */ = {isa = PBXFileReference; lastKnownFileType = sourcecode.swift; path = DetailViewController.swift; sourceTree = "<group>"; };
		43F9E5FB26258F2C007B393C /* PersonModel.swift */ = {isa = PBXFileReference; lastKnownFileType = sourcecode.swift; path = PersonModel.swift; sourceTree = "<group>"; };
		43F9E600262596E7007B393C /* TabBarViewController.swift */ = {isa = PBXFileReference; lastKnownFileType = sourcecode.swift; path = TabBarViewController.swift; sourceTree = "<group>"; };
		43F9E6092625A072007B393C /* DataManager.swift */ = {isa = PBXFileReference; lastKnownFileType = sourcecode.swift; path = DataManager.swift; sourceTree = "<group>"; };
/* End PBXFileReference section */

/* Begin PBXFrameworksBuildPhase section */
		43F9E5CA262570B4007B393C /* Frameworks */ = {
			isa = PBXFrameworksBuildPhase;
			buildActionMask = 2147483647;
			files = (
			);
			runOnlyForDeploymentPostprocessing = 0;
		};
/* End PBXFrameworksBuildPhase section */

/* Begin PBXGroup section */
		43F9E5C4262570B4007B393C = {
			isa = PBXGroup;
			children = (
				43F9E5CF262570B4007B393C /* PersonLis */,
				43F9E5CE262570B4007B393C /* Products */,
			);
			sourceTree = "<group>";
		};
		43F9E5CE262570B4007B393C /* Products */ = {
			isa = PBXGroup;
			children = (
				43F9E5CD262570B4007B393C /* PersonLis.app */,
			);
			name = Products;
			sourceTree = "<group>";
		};
		43F9E5CF262570B4007B393C /* PersonLis */ = {
			isa = PBXGroup;
			children = (
				43F9E5FE26258F33007B393C /* Models */,
				43F9E5E8262575E6007B393C /* Supporting */,
				43F9E5E6262575DC007B393C /* ViewControllers */,
				43F9E5EE2625763D007B393C /* Resources */,
				43F9E5E5262575C1007B393C /* Srotyboards */,
				43F9E60C2625A08B007B393C /* Data's */,
			);
			path = PersonLis;
			sourceTree = "<group>";
		};
		43F9E5E5262575C1007B393C /* Srotyboards */ = {
			isa = PBXGroup;
			children = (
				43F9E5D6262570B4007B393C /* Main.storyboard */,
				43F9E5DB262570B6007B393C /* LaunchScreen.storyboard */,
			);
			path = Srotyboards;
			sourceTree = "<group>";
		};
		43F9E5E6262575DC007B393C /* ViewControllers */ = {
			isa = PBXGroup;
			children = (
				43F9E600262596E7007B393C /* TabBarViewController.swift */,
				43F9E5F226258A58007B393C /* GroupListViewController.swift */,
				43F9E5F526258B6C007B393C /* ContactListViewController.swift */,
				43F9E5F826258BB2007B393C /* DetailViewController.swift */,
			);
			path = ViewControllers;
			sourceTree = "<group>";
		};
		43F9E5E8262575E6007B393C /* Supporting */ = {
			isa = PBXGroup;
			children = (
				43F9E5DE262570B6007B393C /* Info.plist */,
				43F9E5D0262570B4007B393C /* AppDelegate.swift */,
				43F9E5D2262570B4007B393C /* SceneDelegate.swift */,
			);
			path = Supporting;
			sourceTree = "<group>";
		};
		43F9E5EE2625763D007B393C /* Resources */ = {
			isa = PBXGroup;
			children = (
				43F9E5D9262570B6007B393C /* Assets.xcassets */,
			);
			path = Resources;
			sourceTree = "<group>";
		};
		43F9E5FE26258F33007B393C /* Models */ = {
			isa = PBXGroup;
			children = (
				43F9E5FB26258F2C007B393C /* PersonModel.swift */,
			);
			path = Models;
			sourceTree = "<group>";
		};
		43F9E60C2625A08B007B393C /* Data's */ = {
			isa = PBXGroup;
			children = (
				43F9E6092625A072007B393C /* DataManager.swift */,
			);
			path = "Data's";
			sourceTree = "<group>";
		};
/* End PBXGroup section */

/* Begin PBXNativeTarget section */
		43F9E5CC262570B4007B393C /* PersonLis */ = {
			isa = PBXNativeTarget;
			buildConfigurationList = 43F9E5E1262570B6007B393C /* Build configuration list for PBXNativeTarget "PersonLis" */;
			buildPhases = (
				43F9E5C9262570B4007B393C /* Sources */,
				43F9E5CA262570B4007B393C /* Frameworks */,
				43F9E5CB262570B4007B393C /* Resources */,
			);
			buildRules = (
			);
			dependencies = (
			);
			name = PersonLis;
			productName = PersonLis;
			productReference = 43F9E5CD262570B4007B393C /* PersonLis.app */;
			productType = "com.apple.product-type.application";
		};
/* End PBXNativeTarget section */

/* Begin PBXProject section */
		43F9E5C5262570B4007B393C /* Project object */ = {
			isa = PBXProject;
			attributes = {
				LastSwiftUpdateCheck = 1240;
				LastUpgradeCheck = 1240;
				TargetAttributes = {
					43F9E5CC262570B4007B393C = {
						CreatedOnToolsVersion = 12.4;
					};
				};
			};
			buildConfigurationList = 43F9E5C8262570B4007B393C /* Build configuration list for PBXProject "PersonLis" */;
			compatibilityVersion = "Xcode 9.3";
			developmentRegion = en;
			hasScannedForEncodings = 0;
			knownRegions = (
				en,
				Base,
			);
			mainGroup = 43F9E5C4262570B4007B393C;
			productRefGroup = 43F9E5CE262570B4007B393C /* Products */;
			projectDirPath = "";
			projectRoot = "";
			targets = (
				43F9E5CC262570B4007B393C /* PersonLis */,
			);
		};
/* End PBXProject section */

/* Begin PBXResourcesBuildPhase section */
		43F9E5CB262570B4007B393C /* Resources */ = {
			isa = PBXResourcesBuildPhase;
			buildActionMask = 2147483647;
			files = (
				43F9E5DD262570B6007B393C /* LaunchScreen.storyboard in Resources */,
				43F9E5DA262570B6007B393C /* Assets.xcassets in Resources */,
				43F9E5D8262570B4007B393C /* Main.storyboard in Resources */,
			);
			runOnlyForDeploymentPostprocessing = 0;
		};
/* End PBXResourcesBuildPhase section */

/* Begin PBXSourcesBuildPhase section */
		43F9E5C9262570B4007B393C /* Sources */ = {
			isa = PBXSourcesBuildPhase;
			buildActionMask = 2147483647;
			files = (
				43F9E601262596E7007B393C /* TabBarViewController.swift in Sources */,
				43F9E5F326258A58007B393C /* GroupListViewController.swift in Sources */,
				43F9E5FC26258F2C007B393C /* PersonModel.swift in Sources */,
				43F9E5F626258B6C007B393C /* ContactListViewController.swift in Sources */,
				43F9E5F926258BB2007B393C /* DetailViewController.swift in Sources */,
				43F9E5D1262570B4007B393C /* AppDelegate.swift in Sources */,
				43F9E60A2625A072007B393C /* DataManager.swift in Sources */,
				43F9E5D3262570B4007B393C /* SceneDelegate.swift in Sources */,
			);
			runOnlyForDeploymentPostprocessing = 0;
		};
/* End PBXSourcesBuildPhase section */

/* Begin PBXVariantGroup section */
		43F9E5D6262570B4007B393C /* Main.storyboard */ = {
			isa = PBXVariantGroup;
			children = (
				43F9E5D7262570B4007B393C /* Base */,
			);
			name = Main.storyboard;
			sourceTree = "<group>";
		};
		43F9E5DB262570B6007B393C /* LaunchScreen.storyboard */ = {
			isa = PBXVariantGroup;
			children = (
				43F9E5DC262570B6007B393C /* Base */,
			);
			name = LaunchScreen.storyboard;
			sourceTree = "<group>";
		};
/* End PBXVariantGroup section */

/* Begin XCBuildConfiguration section */
		43F9E5DF262570B6007B393C /* Debug */ = {
			isa = XCBuildConfiguration;
			buildSettings = {
				ALWAYS_SEARCH_USER_PATHS = NO;
				CLANG_ANALYZER_NONNULL = YES;
				CLANG_ANALYZER_NUMBER_OBJECT_CONVERSION = YES_AGGRESSIVE;
				CLANG_CXX_LANGUAGE_STANDARD = "gnu++14";
				CLANG_CXX_LIBRARY = "libc++";
				CLANG_ENABLE_MODULES = YES;
				CLANG_ENABLE_OBJC_ARC = YES;
				CLANG_ENABLE_OBJC_WEAK = YES;
				CLANG_WARN_BLOCK_CAPTURE_AUTORELEASING = YES;
				CLANG_WARN_BOOL_CONVERSION = YES;
				CLANG_WARN_COMMA = YES;
				CLANG_WARN_CONSTANT_CONVERSION = YES;
				CLANG_WARN_DEPRECATED_OBJC_IMPLEMENTATIONS = YES;
				CLANG_WARN_DIRECT_OBJC_ISA_USAGE = YES_ERROR;
				CLANG_WARN_DOCUMENTATION_COMMENTS = YES;
				CLANG_WARN_EMPTY_BODY = YES;
				CLANG_WARN_ENUM_CONVERSION = YES;
				CLANG_WARN_INFINITE_RECURSION = YES;
				CLANG_WARN_INT_CONVERSION = YES;
				CLANG_WARN_NON_LITERAL_NULL_CONVERSION = YES;
				CLANG_WARN_OBJC_IMPLICIT_RETAIN_SELF = YES;
				CLANG_WARN_OBJC_LITERAL_CONVERSION = YES;
				CLANG_WARN_OBJC_ROOT_CLASS = YES_ERROR;
				CLANG_WARN_QUOTED_INCLUDE_IN_FRAMEWORK_HEADER = YES;
				CLANG_WARN_RANGE_LOOP_ANALYSIS = YES;
				CLANG_WARN_STRICT_PROTOTYPES = YES;
				CLANG_WARN_SUSPICIOUS_MOVE = YES;
				CLANG_WARN_UNGUARDED_AVAILABILITY = YES_AGGRESSIVE;
				CLANG_WARN_UNREACHABLE_CODE = YES;
				CLANG_WARN__DUPLICATE_METHOD_MATCH = YES;
				COPY_PHASE_STRIP = NO;
				DEBUG_INFORMATION_FORMAT = dwarf;
				ENABLE_STRICT_OBJC_MSGSEND = YES;
				ENABLE_TESTABILITY = YES;
				GCC_C_LANGUAGE_STANDARD = gnu11;
				GCC_DYNAMIC_NO_PIC = NO;
				GCC_NO_COMMON_BLOCKS = YES;
				GCC_OPTIMIZATION_LEVEL = 0;
				GCC_PREPROCESSOR_DEFINITIONS = (
					"DEBUG=1",
					"$(inherited)",
				);
				GCC_WARN_64_TO_32_BIT_CONVERSION = YES;
				GCC_WARN_ABOUT_RETURN_TYPE = YES_ERROR;
				GCC_WARN_UNDECLARED_SELECTOR = YES;
				GCC_WARN_UNINITIALIZED_AUTOS = YES_AGGRESSIVE;
				GCC_WARN_UNUSED_FUNCTION = YES;
				GCC_WARN_UNUSED_VARIABLE = YES;
				IPHONEOS_DEPLOYMENT_TARGET = 14.4;
				MTL_ENABLE_DEBUG_INFO = INCLUDE_SOURCE;
				MTL_FAST_MATH = YES;
				ONLY_ACTIVE_ARCH = YES;
				SDKROOT = iphoneos;
				SWIFT_ACTIVE_COMPILATION_CONDITIONS = DEBUG;
				SWIFT_OPTIMIZATION_LEVEL = "-Onone";
			};
			name = Debug;
		};
		43F9E5E0262570B6007B393C /* Release */ = {
			isa = XCBuildConfiguration;
			buildSettings = {
				ALWAYS_SEARCH_USER_PATHS = NO;
				CLANG_ANALYZER_NONNULL = YES;
				CLANG_ANALYZER_NUMBER_OBJECT_CONVERSION = YES_AGGRESSIVE;
				CLANG_CXX_LANGUAGE_STANDARD = "gnu++14";
				CLANG_CXX_LIBRARY = "libc++";
				CLANG_ENABLE_MODULES = YES;
				CLANG_ENABLE_OBJC_ARC = YES;
				CLANG_ENABLE_OBJC_WEAK = YES;
				CLANG_WARN_BLOCK_CAPTURE_AUTORELEASING = YES;
				CLANG_WARN_BOOL_CONVERSION = YES;
				CLANG_WARN_COMMA = YES;
				CLANG_WARN_CONSTANT_CONVERSION = YES;
				CLANG_WARN_DEPRECATED_OBJC_IMPLEMENTATIONS = YES;
				CLANG_WARN_DIRECT_OBJC_ISA_USAGE = YES_ERROR;
				CLANG_WARN_DOCUMENTATION_COMMENTS = YES;
				CLANG_WARN_EMPTY_BODY = YES;
				CLANG_WARN_ENUM_CONVERSION = YES;
				CLANG_WARN_INFINITE_RECURSION = YES;
				CLANG_WARN_INT_CONVERSION = YES;
				CLANG_WARN_NON_LITERAL_NULL_CONVERSION = YES;
				CLANG_WARN_OBJC_IMPLICIT_RETAIN_SELF = YES;
				CLANG_WARN_OBJC_LITERAL_CONVERSION = YES;
				CLANG_WARN_OBJC_ROOT_CLASS = YES_ERROR;
				CLANG_WARN_QUOTED_INCLUDE_IN_FRAMEWORK_HEADER = YES;
				CLANG_WARN_RANGE_LOOP_ANALYSIS = YES;
				CLANG_WARN_STRICT_PROTOTYPES = YES;
				CLANG_WARN_SUSPICIOUS_MOVE = YES;
				CLANG_WARN_UNGUARDED_AVAILABILITY = YES_AGGRESSIVE;
				CLANG_WARN_UNREACHABLE_CODE = YES;
				CLANG_WARN__DUPLICATE_METHOD_MATCH = YES;
				COPY_PHASE_STRIP = NO;
				DEBUG_INFORMATION_FORMAT = "dwarf-with-dsym";
				ENABLE_NS_ASSERTIONS = NO;
				ENABLE_STRICT_OBJC_MSGSEND = YES;
				GCC_C_LANGUAGE_STANDARD = gnu11;
				GCC_NO_COMMON_BLOCKS = YES;
				GCC_WARN_64_TO_32_BIT_CONVERSION = YES;
				GCC_WARN_ABOUT_RETURN_TYPE = YES_ERROR;
				GCC_WARN_UNDECLARED_SELECTOR = YES;
				GCC_WARN_UNINITIALIZED_AUTOS = YES_AGGRESSIVE;
				GCC_WARN_UNUSED_FUNCTION = YES;
				GCC_WARN_UNUSED_VARIABLE = YES;
				IPHONEOS_DEPLOYMENT_TARGET = 14.4;
				MTL_ENABLE_DEBUG_INFO = NO;
				MTL_FAST_MATH = YES;
				SDKROOT = iphoneos;
				SWIFT_COMPILATION_MODE = wholemodule;
				SWIFT_OPTIMIZATION_LEVEL = "-O";
				VALIDATE_PRODUCT = YES;
			};
			name = Release;
		};
		43F9E5E2262570B6007B393C /* Debug */ = {
			isa = XCBuildConfiguration;
			buildSettings = {
				ASSETCATALOG_COMPILER_APPICON_NAME = AppIcon;
				ASSETCATALOG_COMPILER_GLOBAL_ACCENT_COLOR_NAME = AccentColor;
				CODE_SIGN_STYLE = Automatic;
				DEVELOPMENT_TEAM = X7L83V7V4P;
				INFOPLIST_FILE = PersonLis/Supporting/Info.plist;
				LD_RUNPATH_SEARCH_PATHS = (
					"$(inherited)",
					"@executable_path/Frameworks",
				);
				PRODUCT_BUNDLE_IDENTIFIER = Sergeytsev.PersonLis;
				PRODUCT_NAME = "$(TARGET_NAME)";
				SWIFT_VERSION = 5.0;
				TARGETED_DEVICE_FAMILY = "1,2";
			};
			name = Debug;
		};
		43F9E5E3262570B6007B393C /* Release */ = {
			isa = XCBuildConfiguration;
			buildSettings = {
				ASSETCATALOG_COMPILER_APPICON_NAME = AppIcon;
				ASSETCATALOG_COMPILER_GLOBAL_ACCENT_COLOR_NAME = AccentColor;
				CODE_SIGN_STYLE = Automatic;
				DEVELOPMENT_TEAM = X7L83V7V4P;
				INFOPLIST_FILE = PersonLis/Supporting/Info.plist;
				LD_RUNPATH_SEARCH_PATHS = (
					"$(inherited)",
					"@executable_path/Frameworks",
				);
				PRODUCT_BUNDLE_IDENTIFIER = Sergeytsev.PersonLis;
				PRODUCT_NAME = "$(TARGET_NAME)";
				SWIFT_VERSION = 5.0;
				TARGETED_DEVICE_FAMILY = "1,2";
			};
			name = Release;
		};
/* End XCBuildConfiguration section */

/* Begin XCConfigurationList section */
		43F9E5C8262570B4007B393C /* Build configuration list for PBXProject "PersonLis" */ = {
			isa = XCConfigurationList;
			buildConfigurations = (
				43F9E5DF262570B6007B393C /* Debug */,
				43F9E5E0262570B6007B393C /* Release */,
			);
			defaultConfigurationIsVisible = 0;
			defaultConfigurationName = Release;
		};
		43F9E5E1262570B6007B393C /* Build configuration list for PBXNativeTarget "PersonLis" */ = {
			isa = XCConfigurationList;
			buildConfigurations = (
				43F9E5E2262570B6007B393C /* Debug */,
				43F9E5E3262570B6007B393C /* Release */,
			);
			defaultConfigurationIsVisible = 0;
			defaultConfigurationName = Release;
		};
/* End XCConfigurationList section */
	};
	rootObject = 43F9E5C5262570B4007B393C /* Project object */;
}
